
Microsoft Visual Studio Solution File, Format Version 12.00
# Visual Studio Version 16
VisualStudioVersion = 16.0.31410.357
MinimumVisualStudioVersion = 10.0.40219.1
Project("{FAE04EC0-301F-11D3-BF4B-00C04F79EFBC}") = "EI Transformer Calculator", "EI Transformer Calculator.csproj", "{8C5432BE-CC64-4647-A157-8E6443D3A606}"
EndProject
Global
	GlobalSection(SolutionConfigurationPlatforms) = preSolution
		Debug|Any CPU = Debug|Any CPU
		Release|Any CPU = Release|Any CPU
	EndGlobalSection
	GlobalSection(ProjectConfigurationPlatforms) = postSolution
		{8C5432BE-CC64-4647-A157-8E6443D3A606}.Debug|Any CPU.ActiveCfg = Debug|Any CPU
		{8C5432BE-CC64-4647-A157-8E6443D3A606}.Debug|Any CPU.Build.0 = Debug|Any CPU
		{8C5432BE-CC64-4647-A157-8E6443D3A606}.Release|Any CPU.ActiveCfg = Release|Any CPU
		{8C5432BE-CC64-4647-A157-8E6443D3A606}.Release|Any CPU.Build.0 = Release|Any CPU
	EndGlobalSection
	GlobalSection(SolutionProperties) = preSolution
		HideSolutionNode = FALSE
	EndGlobalSection
	GlobalSection(ExtensibilityGlobals) = postSolution
		SolutionGuid = {D0D53A88-FD47-4E5B-B925-F2BC6805F7F7}
	EndGlobalSection
EndGlobal
